// !$*UTF8*$!
{
	archiveVersion = 1;
	classes = {
	};
	objectVersion = 46;
	objects = {

/* Begin PBXBuildFile section */
		1090C539161275BF0054B040 /* Foundation.framework in Frameworks */ = {isa = PBXBuildFile; fileRef = 1090C538161275BF0054B040 /* Foundation.framework */; };
		10B7616C161276F700B3CD58 /* SFNetworkEngine.m in Sources */ = {isa = PBXBuildFile; fileRef = 10B76166161276F700B3CD58 /* SFNetworkEngine.m */; };
		10B7616D161276F700B3CD58 /* SFNetworkOperation.m in Sources */ = {isa = PBXBuildFile; fileRef = 10B76168161276F700B3CD58 /* SFNetworkOperation.m */; };
		10B7616E161276F700B3CD58 /* SFNetworkUtils.m in Sources */ = {isa = PBXBuildFile; fileRef = 10B7616A161276F700B3CD58 /* SFNetworkUtils.m */; };
		10B7617F1612774500B3CD58 /* Reachability.m in Sources */ = {isa = PBXBuildFile; fileRef = 10B761771612774500B3CD58 /* Reachability.m */; };
		10B761821612775400B3CD58 /* Security.framework in Frameworks */ = {isa = PBXBuildFile; fileRef = 10B761811612775400B3CD58 /* Security.framework */; };
		10B761841612775C00B3CD58 /* MobileCoreServices.framework in Frameworks */ = {isa = PBXBuildFile; fileRef = 10B761831612775C00B3CD58 /* MobileCoreServices.framework */; };
		10B761861612776000B3CD58 /* SystemConfiguration.framework in Frameworks */ = {isa = PBXBuildFile; fileRef = 10B761851612776000B3CD58 /* SystemConfiguration.framework */; };
/* End PBXBuildFile section */

/* Begin PBXCopyFilesBuildPhase section */
		1090C533161275BF0054B040 /* CopyFiles */ = {
			isa = PBXCopyFilesBuildPhase;
			buildActionMask = 2147483647;
			dstPath = "include/${PRODUCT_NAME}";
			dstSubfolderSpec = 16;
			files = (
			);
			runOnlyForDeploymentPostprocessing = 0;
		};
/* End PBXCopyFilesBuildPhase section */

/* Begin PBXFileReference section */
		1090C535161275BF0054B040 /* libSalesforceNetworkSDK.a */ = {isa = PBXFileReference; explicitFileType = archive.ar; includeInIndex = 0; path = libSalesforceNetworkSDK.a; sourceTree = BUILT_PRODUCTS_DIR; };
		1090C538161275BF0054B040 /* Foundation.framework */ = {isa = PBXFileReference; lastKnownFileType = wrapper.framework; name = Foundation.framework; path = System/Library/Frameworks/Foundation.framework; sourceTree = SDKROOT; };
		10B76165161276F700B3CD58 /* SFNetworkEngine.h */ = {isa = PBXFileReference; fileEncoding = 4; lastKnownFileType = sourcecode.c.h; path = SFNetworkEngine.h; sourceTree = "<group>"; };
		10B76166161276F700B3CD58 /* SFNetworkEngine.m */ = {isa = PBXFileReference; fileEncoding = 4; lastKnownFileType = sourcecode.c.objc; path = SFNetworkEngine.m; sourceTree = "<group>"; };
		10B76167161276F700B3CD58 /* SFNetworkOperation.h */ = {isa = PBXFileReference; fileEncoding = 4; lastKnownFileType = sourcecode.c.h; path = SFNetworkOperation.h; sourceTree = "<group>"; };
		10B76168161276F700B3CD58 /* SFNetworkOperation.m */ = {isa = PBXFileReference; fileEncoding = 4; lastKnownFileType = sourcecode.c.objc; path = SFNetworkOperation.m; sourceTree = "<group>"; };
		10B76169161276F700B3CD58 /* SFNetworkUtils.h */ = {isa = PBXFileReference; fileEncoding = 4; lastKnownFileType = sourcecode.c.h; path = SFNetworkUtils.h; sourceTree = "<group>"; };
		10B7616A161276F700B3CD58 /* SFNetworkUtils.m */ = {isa = PBXFileReference; fileEncoding = 4; lastKnownFileType = sourcecode.c.objc; path = SFNetworkUtils.m; sourceTree = "<group>"; };
		10B761731612773900B3CD58 /* SalesforceNetworkSDK-Prefix.pch */ = {isa = PBXFileReference; fileEncoding = 4; lastKnownFileType = sourcecode.c.h; name = "SalesforceNetworkSDK-Prefix.pch"; path = "SalesforceNetworkSDK/SalesforceNetworkSDK-Prefix.pch"; sourceTree = "<group>"; };
		10B761761612774500B3CD58 /* Reachability.h */ = {isa = PBXFileReference; fileEncoding = 4; lastKnownFileType = sourcecode.c.h; path = Reachability.h; sourceTree = "<group>"; };
		10B761771612774500B3CD58 /* Reachability.m */ = {isa = PBXFileReference; fileEncoding = 4; lastKnownFileType = sourcecode.c.objc; path = Reachability.m; sourceTree = "<group>"; };
		10B7617B1612774500B3CD58 /* SFOAuthCoordinator.h */ = {isa = PBXFileReference; fileEncoding = 4; lastKnownFileType = sourcecode.c.h; path = SFOAuthCoordinator.h; sourceTree = "<group>"; };
		10B7617C1612774500B3CD58 /* SFOAuthCredentials.h */ = {isa = PBXFileReference; fileEncoding = 4; lastKnownFileType = sourcecode.c.h; path = SFOAuthCredentials.h; sourceTree = "<group>"; };
		10B7617E1612774500B3CD58 /* libSalesforceOAuth.a */ = {isa = PBXFileReference; lastKnownFileType = archive.ar; path = libSalesforceOAuth.a; sourceTree = "<group>"; };
		10B761811612775400B3CD58 /* Security.framework */ = {isa = PBXFileReference; lastKnownFileType = wrapper.framework; name = Security.framework; path = System/Library/Frameworks/Security.framework; sourceTree = SDKROOT; };
		10B761831612775C00B3CD58 /* MobileCoreServices.framework */ = {isa = PBXFileReference; lastKnownFileType = wrapper.framework; name = MobileCoreServices.framework; path = System/Library/Frameworks/MobileCoreServices.framework; sourceTree = SDKROOT; };
		10B761851612776000B3CD58 /* SystemConfiguration.framework */ = {isa = PBXFileReference; lastKnownFileType = wrapper.framework; name = SystemConfiguration.framework; path = System/Library/Frameworks/SystemConfiguration.framework; sourceTree = SDKROOT; };
/* End PBXFileReference section */

/* Begin PBXFrameworksBuildPhase section */
		1090C532161275BF0054B040 /* Frameworks */ = {
			isa = PBXFrameworksBuildPhase;
			buildActionMask = 2147483647;
			files = (
				10B761861612776000B3CD58 /* SystemConfiguration.framework in Frameworks */,
				10B761841612775C00B3CD58 /* MobileCoreServices.framework in Frameworks */,
				10B761821612775400B3CD58 /* Security.framework in Frameworks */,
				1090C539161275BF0054B040 /* Foundation.framework in Frameworks */,
			);
			runOnlyForDeploymentPostprocessing = 0;
		};
/* End PBXFrameworksBuildPhase section */

/* Begin PBXGroup section */
		1090C52A161275BF0054B040 = {
			isa = PBXGroup;
			children = (
				10B761741612774500B3CD58 /* dependencies */,
				1090C53A161275BF0054B040 /* SalesforceNetworkSDK */,
				1090C537161275BF0054B040 /* Frameworks */,
				1090C536161275BF0054B040 /* Products */,
			);
			sourceTree = "<group>";
		};
		1090C536161275BF0054B040 /* Products */ = {
			isa = PBXGroup;
			children = (
				1090C535161275BF0054B040 /* libSalesforceNetworkSDK.a */,
			);
			name = Products;
			sourceTree = "<group>";
		};
		1090C537161275BF0054B040 /* Frameworks */ = {
			isa = PBXGroup;
			children = (
				10B761851612776000B3CD58 /* SystemConfiguration.framework */,
				10B761831612775C00B3CD58 /* MobileCoreServices.framework */,
				10B761811612775400B3CD58 /* Security.framework */,
				1090C538161275BF0054B040 /* Foundation.framework */,
			);
			name = Frameworks;
			sourceTree = "<group>";
		};
		1090C53A161275BF0054B040 /* SalesforceNetworkSDK */ = {
			isa = PBXGroup;
			children = (
				10B76165161276F700B3CD58 /* SFNetworkEngine.h */,
				10B76166161276F700B3CD58 /* SFNetworkEngine.m */,
				10B76167161276F700B3CD58 /* SFNetworkOperation.h */,
				10B76168161276F700B3CD58 /* SFNetworkOperation.m */,
				10B76169161276F700B3CD58 /* SFNetworkUtils.h */,
				10B7616A161276F700B3CD58 /* SFNetworkUtils.m */,
				1090C53B161275BF0054B040 /* Supporting Files */,
			);
			path = SalesforceNetworkSDK;
			sourceTree = "<group>";
		};
		1090C53B161275BF0054B040 /* Supporting Files */ = {
			isa = PBXGroup;
			children = (
				10B761731612773900B3CD58 /* SalesforceNetworkSDK-Prefix.pch */,
			);
			name = "Supporting Files";
			sourceTree = "<group>";
		};
		10B761741612774500B3CD58 /* dependencies */ = {
			isa = PBXGroup;
			children = (
				10B761751612774500B3CD58 /* Reachability */,
				10B761781612774500B3CD58 /* SalesforceOAuth */,
			);
			path = dependencies;
			sourceTree = "<group>";
		};
		10B761751612774500B3CD58 /* Reachability */ = {
			isa = PBXGroup;
			children = (
				10B761761612774500B3CD58 /* Reachability.h */,
				10B761771612774500B3CD58 /* Reachability.m */,
			);
			path = Reachability;
			sourceTree = "<group>";
		};
		10B761781612774500B3CD58 /* SalesforceOAuth */ = {
			isa = PBXGroup;
			children = (
				10B761791612774500B3CD58 /* Headers */,
				10B7617D1612774500B3CD58 /* Libraries */,
			);
			path = SalesforceOAuth;
			sourceTree = "<group>";
		};
		10B761791612774500B3CD58 /* Headers */ = {
			isa = PBXGroup;
			children = (
				10B7617A1612774500B3CD58 /* SalesforceOAuth */,
			);
			path = Headers;
			sourceTree = "<group>";
		};
		10B7617A1612774500B3CD58 /* SalesforceOAuth */ = {
			isa = PBXGroup;
			children = (
				10B7617B1612774500B3CD58 /* SFOAuthCoordinator.h */,
				10B7617C1612774500B3CD58 /* SFOAuthCredentials.h */,
			);
			path = SalesforceOAuth;
			sourceTree = "<group>";
		};
		10B7617D1612774500B3CD58 /* Libraries */ = {
			isa = PBXGroup;
			children = (
				10B7617E1612774500B3CD58 /* libSalesforceOAuth.a */,
			);
			path = Libraries;
			sourceTree = "<group>";
		};
/* End PBXGroup section */

/* Begin PBXNativeTarget section */
		1090C534161275BF0054B040 /* SalesforceNetworkSDK */ = {
			isa = PBXNativeTarget;
			buildConfigurationList = 1090C543161275BF0054B040 /* Build configuration list for PBXNativeTarget "SalesforceNetworkSDK" */;
			buildPhases = (
				1090C531161275BF0054B040 /* Sources */,
				1090C532161275BF0054B040 /* Frameworks */,
				1090C533161275BF0054B040 /* CopyFiles */,
			);
			buildRules = (
			);
			dependencies = (
			);
			name = SalesforceNetworkSDK;
			productName = SalesforceNetworkSDK;
			productReference = 1090C535161275BF0054B040 /* libSalesforceNetworkSDK.a */;
			productType = "com.apple.product-type.library.static";
		};
/* End PBXNativeTarget section */

/* Begin PBXProject section */
		1090C52C161275BF0054B040 /* Project object */ = {
			isa = PBXProject;
			attributes = {
				LastUpgradeCheck = 0440;
				ORGANIZATIONNAME = salesforce.com;
			};
			buildConfigurationList = 1090C52F161275BF0054B040 /* Build configuration list for PBXProject "SalesforceNetworkSDK" */;
			compatibilityVersion = "Xcode 3.2";
			developmentRegion = English;
			hasScannedForEncodings = 0;
			knownRegions = (
				en,
			);
			mainGroup = 1090C52A161275BF0054B040;
			productRefGroup = 1090C536161275BF0054B040 /* Products */;
			projectDirPath = "";
			projectRoot = "";
			targets = (
				1090C534161275BF0054B040 /* SalesforceNetworkSDK */,
			);
		};
/* End PBXProject section */

/* Begin PBXSourcesBuildPhase section */
		1090C531161275BF0054B040 /* Sources */ = {
			isa = PBXSourcesBuildPhase;
			buildActionMask = 2147483647;
			files = (
				10B7616C161276F700B3CD58 /* SFNetworkEngine.m in Sources */,
				10B7616D161276F700B3CD58 /* SFNetworkOperation.m in Sources */,
				10B7616E161276F700B3CD58 /* SFNetworkUtils.m in Sources */,
				10B7617F1612774500B3CD58 /* Reachability.m in Sources */,
			);
			runOnlyForDeploymentPostprocessing = 0;
		};
/* End PBXSourcesBuildPhase section */

/* Begin XCBuildConfiguration section */
		1090C541161275BF0054B040 /* Debug */ = {
			isa = XCBuildConfiguration;
			buildSettings = {
				ALWAYS_SEARCH_USER_PATHS = NO;
				ARCHS = "$(ARCHS_STANDARD_32_BIT)";
				CLANG_CXX_LANGUAGE_STANDARD = "gnu++0x";
				CLANG_ENABLE_OBJC_ARC = YES;
				CLANG_WARN__DUPLICATE_METHOD_MATCH = YES;
				COPY_PHASE_STRIP = NO;
				GCC_C_LANGUAGE_STANDARD = gnu99;
				GCC_DYNAMIC_NO_PIC = NO;
				GCC_OPTIMIZATION_LEVEL = 0;
				GCC_PREPROCESSOR_DEFINITIONS = (
					"DEBUG=1",
					"$(inherited)",
				);
				GCC_SYMBOLS_PRIVATE_EXTERN = NO;
				GCC_VERSION = com.apple.compilers.llvm.clang.1_0;
				GCC_WARN_ABOUT_RETURN_TYPE = YES;
				GCC_WARN_UNINITIALIZED_AUTOS = YES;
				GCC_WARN_UNUSED_VARIABLE = YES;
				IPHONEOS_DEPLOYMENT_TARGET = 5.1;
				SDKROOT = iphoneos;
			};
			name = Debug;
		};
		1090C542161275BF0054B040 /* Release */ = {
			isa = XCBuildConfiguration;
			buildSettings = {
				ALWAYS_SEARCH_USER_PATHS = NO;
				ARCHS = "$(ARCHS_STANDARD_32_BIT)";
				CLANG_CXX_LANGUAGE_STANDARD = "gnu++0x";
				CLANG_ENABLE_OBJC_ARC = YES;
				CLANG_WARN__DUPLICATE_METHOD_MATCH = YES;
				COPY_PHASE_STRIP = YES;
				GCC_C_LANGUAGE_STANDARD = gnu99;
				GCC_VERSION = com.apple.compilers.llvm.clang.1_0;
				GCC_WARN_ABOUT_RETURN_TYPE = YES;
				GCC_WARN_UNINITIALIZED_AUTOS = YES;
				GCC_WARN_UNUSED_VARIABLE = YES;
				IPHONEOS_DEPLOYMENT_TARGET = 5.1;
				SDKROOT = iphoneos;
				VALIDATE_PRODUCT = YES;
			};
			name = Release;
		};
		1090C544161275BF0054B040 /* Debug */ = {
			isa = XCBuildConfiguration;
			buildSettings = {
				DSTROOT = /tmp/SalesforceNetworkSDK.dst;
				GCC_PRECOMPILE_PREFIX_HEADER = YES;
				GCC_PREFIX_HEADER = "SalesforceNetworkSDK/SalesforceNetworkSDK-Prefix.pch";
				LIBRARY_SEARCH_PATHS = (
					"$(inherited)",
					"\"$(SRCROOT)/dependencies/SalesforceOAuth/Libraries\"",
				);
				OTHER_LDFLAGS = "-ObjC";
				PRODUCT_NAME = "$(TARGET_NAME)";
				SKIP_INSTALL = YES;
			};
			name = Debug;
		};
		1090C545161275BF0054B040 /* Release */ = {
			isa = XCBuildConfiguration;
			buildSettings = {
				DSTROOT = /tmp/SalesforceNetworkSDK.dst;
				GCC_PRECOMPILE_PREFIX_HEADER = YES;
				GCC_PREFIX_HEADER = "SalesforceNetworkSDK/SalesforceNetworkSDK-Prefix.pch";
				LIBRARY_SEARCH_PATHS = (
					"$(inherited)",
					"\"$(SRCROOT)/dependencies/SalesforceOAuth/Libraries\"",
				);
				OTHER_LDFLAGS = "-ObjC";
				PRODUCT_NAME = "$(TARGET_NAME)";
				SKIP_INSTALL = YES;
			};
			name = Release;
		};
/* End XCBuildConfiguration section */

/* Begin XCConfigurationList section */
		1090C52F161275BF0054B040 /* Build configuration list for PBXProject "SalesforceNetworkSDK" */ = {
			isa = XCConfigurationList;
			buildConfigurations = (
				1090C541161275BF0054B040 /* Debug */,
				1090C542161275BF0054B040 /* Release */,
			);
			defaultConfigurationIsVisible = 0;
			defaultConfigurationName = Release;
		};
		1090C543161275BF0054B040 /* Build configuration list for PBXNativeTarget "SalesforceNetworkSDK" */ = {
			isa = XCConfigurationList;
			buildConfigurations = (
				1090C544161275BF0054B040 /* Debug */,
				1090C545161275BF0054B040 /* Release */,
			);
			defaultConfigurationIsVisible = 0;
			defaultConfigurationName = Release;
		};
/* End XCConfigurationList section */
	};
	rootObject = 1090C52C161275BF0054B040 /* Project object */;
}
